
Microsoft Visual Studio Solution File, Format Version 12.00
# Visual Studio Version 17
VisualStudioVersion = 17.0.31919.166
MinimumVisualStudioVersion = 10.0.40219.1
Project("{9A19103F-16F7-4668-BE54-9A1E7A4F7556}") = "MinimalSample", "samples\MinimalSample\MinimalSample.csproj", "{E2C81EC8-A32D-4241-9661-DE2A97E9798F}"
EndProject
Project("{9A19103F-16F7-4668-BE54-9A1E7A4F7556}") = "MinimalHelpers.Routing", "src\MinimalHelpers.Routing\MinimalHelpers.Routing.csproj", "{6220D0C3-50AD-4C4B-9EDC-49B9F5AF0668}"
EndProject
Project("{2150E333-8FDC-42A3-9474-1A3956D46DE8}") = "Solution Items", "Solution Items", "{89B521CC-30D2-4BCD-A649-34B6098CC92F}"
	ProjectSection(SolutionItems) = preProject
		.editorconfig = .editorconfig
		src\Directory.Build.props = src\Directory.Build.props
	EndProjectSection
EndProject
Project("{2150E333-8FDC-42A3-9474-1A3956D46DE8}") = "Samples", "Samples", "{72739819-7239-4B73-86BF-1E944D123C88}"
EndProject
Project("{9A19103F-16F7-4668-BE54-9A1E7A4F7556}") = "MinimalHelpers.OpenApi", "src\MinimalHelpers.OpenApi\MinimalHelpers.OpenApi.csproj", "{A4DDF9B4-7D23-4FF9-9259-89C7179A7DC8}"
EndProject
Project("{9A19103F-16F7-4668-BE54-9A1E7A4F7556}") = "MinimalHelpers.Routing.Analyzers", "src\MinimalHelpers.Routing.Analyzers\MinimalHelpers.Routing.Analyzers.csproj", "{D3D6F2F5-FC23-4FAA-997E-935CD5CFF38D}"
EndProject
Global
	GlobalSection(SolutionConfigurationPlatforms) = preSolution
		Debug|Any CPU = Debug|Any CPU
		Release|Any CPU = Release|Any CPU
	EndGlobalSection
	GlobalSection(ProjectConfigurationPlatforms) = postSolution
		{E2C81EC8-A32D-4241-9661-DE2A97E9798F}.Debug|Any CPU.ActiveCfg = Debug|Any CPU
		{E2C81EC8-A32D-4241-9661-DE2A97E9798F}.Debug|Any CPU.Build.0 = Debug|Any CPU
		{E2C81EC8-A32D-4241-9661-DE2A97E9798F}.Release|Any CPU.ActiveCfg = Release|Any CPU
		{E2C81EC8-A32D-4241-9661-DE2A97E9798F}.Release|Any CPU.Build.0 = Release|Any CPU
		{6220D0C3-50AD-4C4B-9EDC-49B9F5AF0668}.Debug|Any CPU.ActiveCfg = Debug|Any CPU
		{6220D0C3-50AD-4C4B-9EDC-49B9F5AF0668}.Debug|Any CPU.Build.0 = Debug|Any CPU
		{6220D0C3-50AD-4C4B-9EDC-49B9F5AF0668}.Release|Any CPU.ActiveCfg = Release|Any CPU
		{6220D0C3-50AD-4C4B-9EDC-49B9F5AF0668}.Release|Any CPU.Build.0 = Release|Any CPU
		{A4DDF9B4-7D23-4FF9-9259-89C7179A7DC8}.Debug|Any CPU.ActiveCfg = Debug|Any CPU
		{A4DDF9B4-7D23-4FF9-9259-89C7179A7DC8}.Debug|Any CPU.Build.0 = Debug|Any CPU
		{A4DDF9B4-7D23-4FF9-9259-89C7179A7DC8}.Release|Any CPU.ActiveCfg = Release|Any CPU
		{A4DDF9B4-7D23-4FF9-9259-89C7179A7DC8}.Release|Any CPU.Build.0 = Release|Any CPU
		{D3D6F2F5-FC23-4FAA-997E-935CD5CFF38D}.Debug|Any CPU.ActiveCfg = Debug|Any CPU
		{D3D6F2F5-FC23-4FAA-997E-935CD5CFF38D}.Debug|Any CPU.Build.0 = Debug|Any CPU
		{D3D6F2F5-FC23-4FAA-997E-935CD5CFF38D}.Release|Any CPU.ActiveCfg = Release|Any CPU
		{D3D6F2F5-FC23-4FAA-997E-935CD5CFF38D}.Release|Any CPU.Build.0 = Release|Any CPU
	EndGlobalSection
	GlobalSection(SolutionProperties) = preSolution
		HideSolutionNode = FALSE
	EndGlobalSection
	GlobalSection(NestedProjects) = preSolution
		{E2C81EC8-A32D-4241-9661-DE2A97E9798F} = {72739819-7239-4B73-86BF-1E944D123C88}
	EndGlobalSection
	GlobalSection(ExtensibilityGlobals) = postSolution
		SolutionGuid = {38B57A92-6EA7-4B79-8400-F4BE44873C46}
	EndGlobalSection
EndGlobal
